
Microsoft Visual Studio Solution File, Format Version 12.00
# Visual Studio Version 17
VisualStudioVersion = 17.3.32901.215
MinimumVisualStudioVersion = 10.0.40219.1
Project("{FAE04EC0-301F-11D3-BF4B-00C04F79EFBC}") = "ClassLibrary", "ClassLibrary.csproj", "{C799F6BD-B23E-4D9C-9DD8-164AD2DB3EF6}"
EndProject
Project("{FAE04EC0-301F-11D3-BF4B-00C04F79EFBC}") = "Client", "..\Client\Client.csproj", "{3270D277-7AF9-4F86-AFBD-CB4C71CF19CF}"
EndProject
Project("{FAE04EC0-301F-11D3-BF4B-00C04F79EFBC}") = "Server", "..\Server\Server.csproj", "{70EBDE29-0456-490C-90BE-CB7B05CBC59B}"
EndProject
Project("{FAE04EC0-301F-11D3-BF4B-00C04F79EFBC}") = "UnitTestProject", "..\UnitTestProject\UnitTestProject.csproj", "{C66D14B9-10DF-4C28-A249-D76A396F2D8A}"
EndProject
Global
	GlobalSection(SolutionConfigurationPlatforms) = preSolution
		Debug|Any CPU = Debug|Any CPU
		Release|Any CPU = Release|Any CPU
	EndGlobalSection
	GlobalSection(ProjectConfigurationPlatforms) = postSolution
		{C799F6BD-B23E-4D9C-9DD8-164AD2DB3EF6}.Debug|Any CPU.ActiveCfg = Debug|Any CPU
		{C799F6BD-B23E-4D9C-9DD8-164AD2DB3EF6}.Debug|Any CPU.Build.0 = Debug|Any CPU
		{C799F6BD-B23E-4D9C-9DD8-164AD2DB3EF6}.Release|Any CPU.ActiveCfg = Release|Any CPU
		{C799F6BD-B23E-4D9C-9DD8-164AD2DB3EF6}.Release|Any CPU.Build.0 = Release|Any CPU
		{3270D277-7AF9-4F86-AFBD-CB4C71CF19CF}.Debug|Any CPU.ActiveCfg = Debug|Any CPU
		{3270D277-7AF9-4F86-AFBD-CB4C71CF19CF}.Debug|Any CPU.Build.0 = Debug|Any CPU
		{3270D277-7AF9-4F86-AFBD-CB4C71CF19CF}.Release|Any CPU.ActiveCfg = Release|Any CPU
		{3270D277-7AF9-4F86-AFBD-CB4C71CF19CF}.Release|Any CPU.Build.0 = Release|Any CPU
		{70EBDE29-0456-490C-90BE-CB7B05CBC59B}.Debug|Any CPU.ActiveCfg = Debug|Any CPU
		{70EBDE29-0456-490C-90BE-CB7B05CBC59B}.Debug|Any CPU.Build.0 = Debug|Any CPU
		{70EBDE29-0456-490C-90BE-CB7B05CBC59B}.Release|Any CPU.ActiveCfg = Release|Any CPU
		{70EBDE29-0456-490C-90BE-CB7B05CBC59B}.Release|Any CPU.Build.0 = Release|Any CPU
		{C66D14B9-10DF-4C28-A249-D76A396F2D8A}.Debug|Any CPU.ActiveCfg = Debug|Any CPU
		{C66D14B9-10DF-4C28-A249-D76A396F2D8A}.Debug|Any CPU.Build.0 = Debug|Any CPU
		{C66D14B9-10DF-4C28-A249-D76A396F2D8A}.Release|Any CPU.ActiveCfg = Release|Any CPU
		{C66D14B9-10DF-4C28-A249-D76A396F2D8A}.Release|Any CPU.Build.0 = Release|Any CPU
	EndGlobalSection
	GlobalSection(SolutionProperties) = preSolution
		HideSolutionNode = FALSE
	EndGlobalSection
	GlobalSection(ExtensibilityGlobals) = postSolution
		SolutionGuid = {599D88B2-5956-4AC4-ADE8-C4DF8DAEBF9C}
	EndGlobalSection
EndGlobal
